// !$*UTF8*$!
{
	archiveVersion = 1;
	classes = {
	};
	objectVersion = 77;
	objects = {

/* Begin PBXBuildFile section */
		1624C4432FBDED4D00F8E513 /* Assets.xcassets in Resources */ = {isa = PBXBuildFile; fileRef = 1624C43F2FBDED4D00F8E513 /* Assets.xcassets */; };
		1624C4442FBDED4D00F8E513 /* MainView.swift in Sources */ = {isa = PBXBuildFile; fileRef = 1624C4402FBDED4D00F8E513 /* MainView.swift */; };
		1624C4452FBDED4D00F8E513 /* MindSweeperApp.swift in Sources */ = {isa = PBXBuildFile; fileRef = 1624C4412FBDED4D00F8E513 /* MindSweeperApp.swift */; };
		4CF7EAB52FC0E0AE008D3909 /* MindSweeperView.swift in Sources */ = {isa = PBXBuildFile; fileRef = 4CF7EAB42FC0E08E008D3909 /* MindSweeperView.swift */; };
		AA200001000000000000AA01 /* BoardModel.swift in Sources */ = {isa = PBXBuildFile; fileRef = AA100001000000000000AA01 /* BoardModel.swift */; };
		AA200002000000000000AA02 /* DeckManager.swift in Sources */ = {isa = PBXBuildFile; fileRef = AA100002000000000000AA02 /* DeckManager.swift */; };
		AA200003000000000000AA03 /* GameState.swift in Sources */ = {isa = PBXBuildFile; fileRef = AA100003000000000000AA03 /* GameState.swift */; };
		AA200004000000000000AA04 /* Card.swift in Sources */ = {isa = PBXBuildFile; fileRef = AA100004000000000000AA04 /* Card.swift */; };
		AA200005000000000000AA05 /* Cell.swift in Sources */ = {isa = PBXBuildFile; fileRef = AA100005000000000000AA05 /* Cell.swift */; };
		AA200006000000000000AA06 /* BoardView.swift in Sources */ = {isa = PBXBuildFile; fileRef = AA100006000000000000AA06 /* BoardView.swift */; };
		AA200007000000000000AA07 /* QuestionOverlay.swift in Sources */ = {isa = PBXBuildFile; fileRef = AA100007000000000000AA07 /* QuestionOverlay.swift */; };
		AA200008000000000000AA08 /* MathDeck.swift in Sources */ = {isa = PBXBuildFile; fileRef = AA100008000000000000AA08 /* MathDeck.swift */; };
		AA200009000000000000AA09 /* HistoryDeck.swift in Sources */ = {isa = PBXBuildFile; fileRef = AA100009000000000000AA09 /* HistoryDeck.swift */; };
		AA20000A000000000000AA0A /* ScienceDeck.swift in Sources */ = {isa = PBXBuildFile; fileRef = AA10000A000000000000AA0A /* ScienceDeck.swift */; };
		AA20000B000000000000AA0B /* VocabDeck.swift in Sources */ = {isa = PBXBuildFile; fileRef = AA10000B000000000000AA0B /* VocabDeck.swift */; };
/* End PBXBuildFile section */

/* Begin PBXFileReference section */
		1624C4312FBDED2500F8E513 /* MindSweeper.app */ = {isa = PBXFileReference; explicitFileType = wrapper.application; includeInIndex = 0; path = MindSweeper.app; sourceTree = BUILT_PRODUCTS_DIR; };
		1624C43F2FBDED4D00F8E513 /* Assets.xcassets */ = {isa = PBXFileReference; lastKnownFileType = folder.assetcatalog; path = Assets.xcassets; sourceTree = "<group>"; };
		1624C4402FBDED4D00F8E513 /* MainView.swift */ = {isa = PBXFileReference; lastKnownFileType = sourcecode.swift; path = MainView.swift; sourceTree = "<group>"; };
		1624C4412FBDED4D00F8E513 /* MindSweeperApp.swift */ = {isa = PBXFileReference; lastKnownFileType = sourcecode.swift; path = MindSweeperApp.swift; sourceTree = "<group>"; };
		4CF7EAB42FC0E08E008D3909 /* MindSweeperView.swift */ = {isa = PBXFileReference; lastKnownFileType = sourcecode.swift; path = MindSweeperView.swift; sourceTree = "<group>"; };
		AA100001000000000000AA01 /* BoardModel.swift */ = {isa = PBXFileReference; lastKnownFileType = sourcecode.swift; path = BoardModel.swift; sourceTree = "<group>"; };
		AA100002000000000000AA02 /* DeckManager.swift */ = {isa = PBXFileReference; lastKnownFileType = sourcecode.swift; path = DeckManager.swift; sourceTree = "<group>"; };
		AA100003000000000000AA03 /* GameState.swift */ = {isa = PBXFileReference; lastKnownFileType = sourcecode.swift; path = GameState.swift; sourceTree = "<group>"; };
		AA100004000000000000AA04 /* Card.swift */ = {isa = PBXFileReference; lastKnownFileType = sourcecode.swift; path = Card.swift; sourceTree = "<group>"; };
		AA100005000000000000AA05 /* Cell.swift */ = {isa = PBXFileReference; lastKnownFileType = sourcecode.swift; path = Cell.swift; sourceTree = "<group>"; };
		AA100006000000000000AA06 /* BoardView.swift */ = {isa = PBXFileReference; lastKnownFileType = sourcecode.swift; path = BoardView.swift; sourceTree = "<group>"; };
		AA100007000000000000AA07 /* QuestionOverlay.swift */ = {isa = PBXFileReference; lastKnownFileType = sourcecode.swift; path = QuestionOverlay.swift; sourceTree = "<group>"; };
		AA100008000000000000AA08 /* MathDeck.swift */ = {isa = PBXFileReference; lastKnownFileType = sourcecode.swift; path = MathDeck.swift; sourceTree = "<group>"; };
		AA100009000000000000AA09 /* HistoryDeck.swift */ = {isa = PBXFileReference; lastKnownFileType = sourcecode.swift; path = HistoryDeck.swift; sourceTree = "<group>"; };
		AA10000A000000000000AA0A /* ScienceDeck.swift */ = {isa = PBXFileReference; lastKnownFileType = sourcecode.swift; path = ScienceDeck.swift; sourceTree = "<group>"; };
		AA10000B000000000000AA0B /* VocabDeck.swift */ = {isa = PBXFileReference; lastKnownFileType = sourcecode.swift; path = VocabDeck.swift; sourceTree = "<group>"; };
/* End PBXFileReference section */

/* Begin PBXFrameworksBuildPhase section */
		1624C42E2FBDED2500F8E513 /* Frameworks */ = {
			isa = PBXFrameworksBuildPhase;
			buildActionMask = 2147483647;
			files = (
			);
			runOnlyForDeploymentPostprocessing = 0;
		};
/* End PBXFrameworksBuildPhase section */

/* Begin PBXGroup section */
		1624C4282FBDED2500F8E513 = {
			isa = PBXGroup;
			children = (
				1624C4422FBDED4D00F8E513 /* MindSweeper */,
				1624C4322FBDED2500F8E513 /* Products */,
			);
			sourceTree = "<group>";
		};
		1624C4322FBDED2500F8E513 /* Products */ = {
			isa = PBXGroup;
			children = (
				1624C4312FBDED2500F8E513 /* MindSweeper.app */,
			);
			name = Products;
			sourceTree = "<group>";
		};
		1624C4422FBDED4D00F8E513 /* MindSweeper */ = {
			isa = PBXGroup;
			children = (
				1624C43F2FBDED4D00F8E513 /* Assets.xcassets */,
				AA000001000000000000AA01 /* App */,
				AA000002000000000000AA02 /* Game */,
				AA000003000000000000AA03 /* Questions */,
				AA000004000000000000AA04 /* Views */,
				AA000005000000000000AA05 /* Models */,
				AA000006000000000000AA06 /* Data */,
			);
			path = MindSweeper;
			sourceTree = "<group>";
		};
		AA000001000000000000AA01 /* App */ = {
			isa = PBXGroup;
			children = (
				4CF7EAB42FC0E08E008D3909 /* MindSweeperView.swift */,
				1624C4412FBDED4D00F8E513 /* MindSweeperApp.swift */,
				1624C4402FBDED4D00F8E513 /* MainView.swift */,
			);
			path = App;
			sourceTree = "<group>";
		};
		AA000002000000000000AA02 /* Game */ = {
			isa = PBXGroup;
			children = (
				AA100001000000000000AA01 /* BoardModel.swift */,
			);
			path = Game;
			sourceTree = "<group>";
		};
		AA000003000000000000AA03 /* Questions */ = {
			isa = PBXGroup;
			children = (
				AA100002000000000000AA02 /* DeckManager.swift */,
			);
			path = Questions;
			sourceTree = "<group>";
		};
		AA000004000000000000AA04 /* Views */ = {
			isa = PBXGroup;
			children = (
				AA100006000000000000AA06 /* BoardView.swift */,
				AA100007000000000000AA07 /* QuestionOverlay.swift */,
			);
			path = Views;
			sourceTree = "<group>";
		};
		AA000005000000000000AA05 /* Models */ = {
			isa = PBXGroup;
			children = (
				AA100003000000000000AA03 /* GameState.swift */,
				AA100004000000000000AA04 /* Card.swift */,
				AA100005000000000000AA05 /* Cell.swift */,
			);
			path = Models;
			sourceTree = "<group>";
		};
		AA000006000000000000AA06 /* Data */ = {
			isa = PBXGroup;
			children = (
				AA100008000000000000AA08 /* MathDeck.swift */,
				AA100009000000000000AA09 /* HistoryDeck.swift */,
				AA10000A000000000000AA0A /* ScienceDeck.swift */,
				AA10000B000000000000AA0B /* VocabDeck.swift */,
			);
			path = Data;
			sourceTree = "<group>";
		};
/* End PBXGroup section */

/* Begin PBXNativeTarget section */
		1624C4302FBDED2500F8E513 /* MindSweeper */ = {
			isa = PBXNativeTarget;
			buildConfigurationList = 1624C43C2FBDED2600F8E513 /* Build configuration list for PBXNativeTarget "MindSweeper" */;
			buildPhases = (
				1624C42D2FBDED2500F8E513 /* Sources */,
				1624C42E2FBDED2500F8E513 /* Frameworks */,
				1624C42F2FBDED2500F8E513 /* Resources */,
			);
			buildRules = (
			);
			dependencies = (
			);
			name = MindSweeper;
			packageProductDependencies = (
			);
			productName = MindSweeper;
			productReference = 1624C4312FBDED2500F8E513 /* MindSweeper.app */;
			productType = "com.apple.product-type.application";
		};
/* End PBXNativeTarget section */

/* Begin PBXProject section */
		1624C4292FBDED2500F8E513 /* Project object */ = {
			isa = PBXProject;
			attributes = {
				BuildIndependentTargetsInParallel = 1;
				LastSwiftUpdateCheck = 2600;
				LastUpgradeCheck = 2600;
				TargetAttributes = {
					1624C4302FBDED2500F8E513 = {
						CreatedOnToolsVersion = 26.0.1;
					};
				};
			};
			buildConfigurationList = 1624C42C2FBDED2500F8E513 /* Build configuration list for PBXProject "MindSweeper" */;
			developmentRegion = en;
			hasScannedForEncodings = 0;
			knownRegions = (
				en,
				Base,
			);
			mainGroup = 1624C4282FBDED2500F8E513;
			minimizedProjectReferenceProxies = 1;
			preferredProjectObjectVersion = 77;
			productRefGroup = 1624C4322FBDED2500F8E513 /* Products */;
			projectDirPath = "";
			projectRoot = "";
			targets = (
				1624C4302FBDED2500F8E513 /* MindSweeper */,
			);
		};
/* End PBXProject section */

/* Begin PBXResourcesBuildPhase section */
		1624C42F2FBDED2500F8E513 /* Resources */ = {
			isa = PBXResourcesBuildPhase;
			buildActionMask = 2147483647;
			files = (
				1624C4432FBDED4D00F8E513 /* Assets.xcassets in Resources */,
			);
			runOnlyForDeploymentPostprocessing = 0;
		};
/* End PBXResourcesBuildPhase section */

/* Begin PBXSourcesBuildPhase section */
		1624C42D2FBDED2500F8E513 /* Sources */ = {
			isa = PBXSourcesBuildPhase;
			buildActionMask = 2147483647;
			files = (
				4CF7EAB52FC0E0AE008D3909 /* MindSweeperView.swift in Sources */,
				1624C4442FBDED4D00F8E513 /* MainView.swift in Sources */,
				1624C4452FBDED4D00F8E513 /* MindSweeperApp.swift in Sources */,
				AA200001000000000000AA01 /* BoardModel.swift in Sources */,
				AA200002000000000000AA02 /* DeckManager.swift in Sources */,
				AA200003000000000000AA03 /* GameState.swift in Sources */,
				AA200004000000000000AA04 /* Card.swift in Sources */,
				AA200005000000000000AA05 /* Cell.swift in Sources */,
				AA200006000000000000AA06 /* BoardView.swift in Sources */,
				AA200007000000000000AA07 /* QuestionOverlay.swift in Sources */,
				AA200008000000000000AA08 /* MathDeck.swift in Sources */,
				AA200009000000000000AA09 /* HistoryDeck.swift in Sources */,
				AA20000A000000000000AA0A /* ScienceDeck.swift in Sources */,
				AA20000B000000000000AA0B /* VocabDeck.swift in Sources */,
			);
			runOnlyForDeploymentPostprocessing = 0;
		};
/* End PBXSourcesBuildPhase section */

/* Begin XCBuildConfiguration section */
		1624C43A2FBDED2600F8E513 /* Debug */ = {
			isa = XCBuildConfiguration;
			buildSettings = {
				ALWAYS_SEARCH_USER_PATHS = NO;
				ASSETCATALOG_COMPILER_GENERATE_SWIFT_ASSET_SYMBOL_EXTENSIONS = YES;
				CLANG_ANALYZER_NONNULL = YES;
				CLANG_ANALYZER_NUMBER_OBJECT_CONVERSION = YES_AGGRESSIVE;
				CLANG_CXX_LANGUAGE_STANDARD = "gnu++20";
				CLANG_ENABLE_MODULES = YES;
				CLANG_ENABLE_OBJC_ARC = YES;
				CLANG_ENABLE_OBJC_WEAK = YES;
				CLANG_WARN_BLOCK_CAPTURE_AUTORELEASING = YES;
				CLANG_WARN_BOOL_CONVERSION = YES;
				CLANG_WARN_COMMA = YES;
				CLANG_WARN_CONSTANT_CONVERSION = YES;
				CLANG_WARN_DEPRECATED_OBJC_IMPLEMENTATIONS = YES;
				CLANG_WARN_DIRECT_OBJC_ISA_USAGE = YES_ERROR;
				CLANG_WARN_DOCUMENTATION_COMMENTS = YES;
				CLANG_WARN_EMPTY_BODY = YES;
				CLANG_WARN_ENUM_CONVERSION = YES;
				CLANG_WARN_INFINITE_RECURSION = YES;
				CLANG_WARN_INT_CONVERSION = YES;
				CLANG_WARN_NON_LITERAL_NULL_CONVERSION = YES;
				CLANG_WARN_OBJC_IMPLICIT_RETAIN_SELF = YES;
				CLANG_WARN_OBJC_LITERAL_CONVERSION = YES;
				CLANG_WARN_OBJC_ROOT_CLASS = YES_ERROR;
				CLANG_WARN_QUOTED_INCLUDE_IN_FRAMEWORK_HEADER = YES;
				CLANG_WARN_RANGE_LOOP_ANALYSIS = YES;
				CLANG_WARN_STRICT_PROTOTYPES = YES;
				CLANG_WARN_SUSPICIOUS_MOVE = YES;
				CLANG_WARN_UNGUARDED_AVAILABILITY = YES_AGGRESSIVE;
				CLANG_WARN_UNREACHABLE_CODE = YES;
				CLANG_WARN__DUPLICATE_METHOD_MATCH = YES;
				COPY_PHASE_STRIP = NO;
				DEBUG_INFORMATION_FORMAT = dwarf;
				DEVELOPMENT_TEAM = 4UG443984D;
				ENABLE_STRICT_OBJC_MSGSEND = YES;
				ENABLE_TESTABILITY = YES;
				ENABLE_USER_SCRIPT_SANDBOXING = YES;
				GCC_C_LANGUAGE_STANDARD = gnu17;
				GCC_DYNAMIC_NO_PIC = NO;
				GCC_NO_COMMON_BLOCKS = YES;
				GCC_OPTIMIZATION_LEVEL = 0;
				GCC_PREPROCESSOR_DEFINITIONS = (
					"DEBUG=1",
					"$(inherited)",
				);
				GCC_WARN_64_TO_32_BIT_CONVERSION = YES;
				GCC_WARN_ABOUT_RETURN_TYPE = YES_ERROR;
				GCC_WARN_UNDECLARED_SELECTOR = YES;
				GCC_WARN_UNINITIALIZED_AUTOS = YES_AGGRESSIVE;
				GCC_WARN_UNUSED_FUNCTION = YES;
				GCC_WARN_UNUSED_VARIABLE = YES;
				IPHONEOS_DEPLOYMENT_TARGET = 26.0;
				LOCALIZATION_PREFERS_STRING_CATALOGS = YES;
				MTL_ENABLE_DEBUG_INFO = INCLUDE_SOURCE;
				MTL_FAST_MATH = YES;
				ONLY_ACTIVE_ARCH = YES;
				SDKROOT = iphoneos;
				SWIFT_ACTIVE_COMPILATION_CONDITIONS = "DEBUG $(inherited)";
				SWIFT_OPTIMIZATION_LEVEL = "-Onone";
			};
			name = Debug;
		};
		1624C43B2FBDED2600F8E513 /* Release */ = {
			isa = XCBuildConfiguration;
			buildSettings = {
				ALWAYS_SEARCH_USER_PATHS = NO;
				ASSETCATALOG_COMPILER_GENERATE_SWIFT_ASSET_SYMBOL_EXTENSIONS = YES;
				CLANG_ANALYZER_NONNULL = YES;
				CLANG_ANALYZER_NUMBER_OBJECT_CONVERSION = YES_AGGRESSIVE;
				CLANG_CXX_LANGUAGE_STANDARD = "gnu++20";
				CLANG_ENABLE_MODULES = YES;
				CLANG_ENABLE_OBJC_ARC = YES;
				CLANG_ENABLE_OBJC_WEAK = YES;
				CLANG_WARN_BLOCK_CAPTURE_AUTORELEASING = YES;
				CLANG_WARN_BOOL_CONVERSION = YES;
				CLANG_WARN_COMMA = YES;
				CLANG_WARN_CONSTANT_CONVERSION = YES;
				CLANG_WARN_DEPRECATED_OBJC_IMPLEMENTATIONS = YES;
				CLANG_WARN_DIRECT_OBJC_ISA_USAGE = YES_ERROR;
				CLANG_WARN_DOCUMENTATION_COMMENTS = YES;
				CLANG_WARN_EMPTY_BODY = YES;
				CLANG_WARN_ENUM_CONVERSION = YES;
				CLANG_WARN_INFINITE_RECURSION = YES;
				CLANG_WARN_INT_CONVERSION = YES;
				CLANG_WARN_NON_LITERAL_NULL_CONVERSION = YES;
				CLANG_WARN_OBJC_IMPLICIT_RETAIN_SELF = YES;
				CLANG_WARN_OBJC_LITERAL_CONVERSION = YES;
				CLANG_WARN_OBJC_ROOT_CLASS = YES_ERROR;
				CLANG_WARN_QUOTED_INCLUDE_IN_FRAMEWORK_HEADER = YES;
				CLANG_WARN_RANGE_LOOP_ANALYSIS = YES;
				CLANG_WARN_STRICT_PROTOTYPES = YES;
				CLANG_WARN_SUSPICIOUS_MOVE = YES;
				CLANG_WARN_UNGUARDED_AVAILABILITY = YES_AGGRESSIVE;
				CLANG_WARN_UNREACHABLE_CODE = YES;
				CLANG_WARN__DUPLICATE_METHOD_MATCH = YES;
				COPY_PHASE_STRIP = NO;
				DEBUG_INFORMATION_FORMAT = "dwarf-with-dsym";
				DEVELOPMENT_TEAM = 4UG443984D;
				ENABLE_NS_ASSERTIONS = NO;
				ENABLE_STRICT_OBJC_MSGSEND = YES;
				ENABLE_USER_SCRIPT_SANDBOXING = YES;
				GCC_C_LANGUAGE_STANDARD = gnu17;
				GCC_NO_COMMON_BLOCKS = YES;
				GCC_WARN_64_TO_32_BIT_CONVERSION = YES;
				GCC_WARN_ABOUT_RETURN_TYPE = YES_ERROR;
				GCC_WARN_UNDECLARED_SELECTOR = YES;
				GCC_WARN_UNINITIALIZED_AUTOS = YES_AGGRESSIVE;
				GCC_WARN_UNUSED_FUNCTION = YES;
				GCC_WARN_UNUSED_VARIABLE = YES;
				IPHONEOS_DEPLOYMENT_TARGET = 26.0;
				LOCALIZATION_PREFERS_STRING_CATALOGS = YES;
				MTL_ENABLE_DEBUG_INFO = NO;
				MTL_FAST_MATH = YES;
				SDKROOT = iphoneos;
				SWIFT_COMPILATION_MODE = wholemodule;
				VALIDATE_PRODUCT = YES;
			};
			name = Release;
		};
		1624C43D2FBDED2600F8E513 /* Debug */ = {
			isa = XCBuildConfiguration;
			buildSettings = {
				ASSETCATALOG_COMPILER_APPICON_NAME = AppIcon;
				ASSETCATALOG_COMPILER_GLOBAL_ACCENT_COLOR_NAME = AccentColor;
				CODE_SIGN_STYLE = Automatic;
				CURRENT_PROJECT_VERSION = 1;
				DEVELOPMENT_TEAM = 4UG443984D;
				ENABLE_PREVIEWS = YES;
				GENERATE_INFOPLIST_FILE = YES;
				INFOPLIST_KEY_UIApplicationSceneManifest_Generation = YES;
				INFOPLIST_KEY_UIApplicationSupportsIndirectInputEvents = YES;
				INFOPLIST_KEY_UILaunchScreen_Generation = YES;
				INFOPLIST_KEY_UISupportedInterfaceOrientations_iPad = "UIInterfaceOrientationPortrait UIInterfaceOrientationPortraitUpsideDown UIInterfaceOrientationLandscapeLeft UIInterfaceOrientationLandscapeRight";
				INFOPLIST_KEY_UISupportedInterfaceOrientations_iPhone = "UIInterfaceOrientationPortrait UIInterfaceOrientationLandscapeLeft UIInterfaceOrientationLandscapeRight";
				LD_RUNPATH_SEARCH_PATHS = (
					"$(inherited)",
					"@executable_path/Frameworks",
				);
				MARKETING_VERSION = 1.0;
				PRODUCT_BUNDLE_IDENTIFIER = ca.couragezeng.MindSweeper;
				PRODUCT_NAME = "$(TARGET_NAME)";
				STRING_CATALOG_GENERATE_SYMBOLS = YES;
				SWIFT_APPROACHABLE_CONCURRENCY = YES;
				SWIFT_DEFAULT_ACTOR_ISOLATION = MainActor;
				SWIFT_EMIT_LOC_STRINGS = YES;
				SWIFT_UPCOMING_FEATURE_MEMBER_IMPORT_VISIBILITY = YES;
				SWIFT_VERSION = 5.0;
				TARGETED_DEVICE_FAMILY = "1,2";
			};
			name = Debug;
		};
		1624C43E2FBDED2600F8E513 /* Release */ = {
			isa = XCBuildConfiguration;
			buildSettings = {
				ASSETCATALOG_COMPILER_APPICON_NAME = AppIcon;
				ASSETCATALOG_COMPILER_GLOBAL_ACCENT_COLOR_NAME = AccentColor;
				CODE_SIGN_STYLE = Automatic;
				CURRENT_PROJECT_VERSION = 1;
				DEVELOPMENT_TEAM = 4UG443984D;
				ENABLE_PREVIEWS = YES;
				GENERATE_INFOPLIST_FILE = YES;
				INFOPLIST_KEY_UIApplicationSceneManifest_Generation = YES;
				INFOPLIST_KEY_UIApplicationSupportsIndirectInputEvents = YES;
				INFOPLIST_KEY_UILaunchScreen_Generation = YES;
				INFOPLIST_KEY_UISupportedInterfaceOrientations_iPad = "UIInterfaceOrientationPortrait UIInterfaceOrientationPortraitUpsideDown UIInterfaceOrientationLandscapeLeft UIInterfaceOrientationLandscapeRight";
				INFOPLIST_KEY_UISupportedInterfaceOrientations_iPhone = "UIInterfaceOrientationPortrait UIInterfaceOrientationLandscapeLeft UIInterfaceOrientationLandscapeRight";
				LD_RUNPATH_SEARCH_PATHS = (
					"$(inherited)",
					"@executable_path/Frameworks",
				);
				MARKETING_VERSION = 1.0;
				PRODUCT_BUNDLE_IDENTIFIER = ca.couragezeng.MindSweeper;
				PRODUCT_NAME = "$(TARGET_NAME)";
				STRING_CATALOG_GENERATE_SYMBOLS = YES;
				SWIFT_APPROACHABLE_CONCURRENCY = YES;
				SWIFT_DEFAULT_ACTOR_ISOLATION = MainActor;
				SWIFT_EMIT_LOC_STRINGS = YES;
				SWIFT_UPCOMING_FEATURE_MEMBER_IMPORT_VISIBILITY = YES;
				SWIFT_VERSION = 5.0;
				TARGETED_DEVICE_FAMILY = "1,2";
			};
			name = Release;
		};
/* End XCBuildConfiguration section */

/* Begin XCConfigurationList section */
		1624C42C2FBDED2500F8E513 /* Build configuration list for PBXProject "MindSweeper" */ = {
			isa = XCConfigurationList;
			buildConfigurations = (
				1624C43A2FBDED2600F8E513 /* Debug */,
				1624C43B2FBDED2600F8E513 /* Release */,
			);
			defaultConfigurationIsVisible = 0;
			defaultConfigurationName = Release;
		};
		1624C43C2FBDED2600F8E513 /* Build configuration list for PBXNativeTarget "MindSweeper" */ = {
			isa = XCConfigurationList;
			buildConfigurations = (
				1624C43D2FBDED2600F8E513 /* Debug */,
				1624C43E2FBDED2600F8E513 /* Release */,
			);
			defaultConfigurationIsVisible = 0;
			defaultConfigurationName = Release;
		};
/* End XCConfigurationList section */
	};
	rootObject = 1624C4292FBDED2500F8E513 /* Project object */;
}
